
Microsoft Visual Studio Solution File, Format Version 12.00
# Visual Studio 15
VisualStudioVersion = 15.0.28010.2003
MinimumVisualStudioVersion = 10.0.40219.1
Project("{FAE04EC0-301F-11D3-BF4B-00C04F79EFBC}") = "LabelsForWindows", "LabelsForWindows\LabelsForWindows.csproj", "{F694F487-881A-449E-9120-A49671F3D99E}"
EndProject
Global
	GlobalSection(SolutionConfigurationPlatforms) = preSolution
		Debug|Any CPU = Debug|Any CPU
		Release|Any CPU = Release|Any CPU
	EndGlobalSection
	GlobalSection(ProjectConfigurationPlatforms) = postSolution
		{F694F487-881A-449E-9120-A49671F3D99E}.Debug|Any CPU.ActiveCfg = Debug|Any CPU
		{F694F487-881A-449E-9120-A49671F3D99E}.Debug|Any CPU.Build.0 = Debug|Any CPU
		{F694F487-881A-449E-9120-A49671F3D99E}.Release|Any CPU.ActiveCfg = Release|Any CPU
		{F694F487-881A-449E-9120-A49671F3D99E}.Release|Any CPU.Build.0 = Release|Any CPU
	EndGlobalSection
	GlobalSection(SolutionProperties) = preSolution
		HideSolutionNode = FALSE
	EndGlobalSection
	GlobalSection(ExtensibilityGlobals) = postSolution
		SolutionGuid = {8E12D7AF-41D3-4885-B0BB-2EA60909A541}
	EndGlobalSection
EndGlobal
